
Microsoft Visual Studio Solution File, Format Version 12.00
# Visual Studio 15
VisualStudioVersion = 15.0.27428.2027
MinimumVisualStudioVersion = 10.0.40219.1
Project("{2150E333-8FDC-42A3-9474-1A3956D46DE8}") = "5-POOCSharp", "5-POOCSharp", "{167731D2-9EF4-4716-A0D3-FC0D85F2AC00}"
EndProject
Project("{FAE04EC0-301F-11D3-BF4B-00C04F79EFBC}") = "02-ClassesEtStructures", "5-POOCSharp\02-ClassesEtStructures\02-ClassesEtStructures.csproj", "{2551019A-A775-411E-BBAF-0F623F9EBD81}"
EndProject
Project("{FAE04EC0-301F-11D3-BF4B-00C04F79EFBC}") = "03-Namespaces", "5-POOCSharp\03-Namespaces\03-Namespaces.csproj", "{8DEDA575-1717-48DA-8D2D-1F27D1085534}"
EndProject
Project("{FAE04EC0-301F-11D3-BF4B-00C04F79EFBC}") = "04-heritage", "5-POOCSharp\04-heritage\04-heritage.csproj", "{95EAA18A-99C9-4CBB-91DC-24D158A866E1}"
EndProject
Project("{FAE04EC0-301F-11D3-BF4B-00C04F79EFBC}") = "05-Interfaces", "5-POOCSharp\05-Interfaces\05-Interfaces.csproj", "{1DDBF5A2-29D6-42B3-9BB3-D3821DBE58D8}"
EndProject
Project("{FAE04EC0-301F-11D3-BF4B-00C04F79EFBC}") = "06-Enumeration", "5-POOCSharp\06-Enumeration\06-Enumeration.csproj", "{13ACB696-C2B2-4429-91F2-9F5AAA26A321}"
EndProject
Project("{FAE04EC0-301F-11D3-BF4B-00C04F79EFBC}") = "07-Delegue", "5-POOCSharp\07-Delegue\07-Delegue.csproj", "{4B981EDD-B2F7-4889-AEA3-59F4E0F34A0E}"
EndProject
Project("{FAE04EC0-301F-11D3-BF4B-00C04F79EFBC}") = "08-Events", "5-POOCSharp\08-Events\08-Events.csproj", "{CDB85AE6-D975-4940-B8B9-574AC442211D}"
EndProject
Project("{FAE04EC0-301F-11D3-BF4B-00C04F79EFBC}") = "09-Generiques", "5-POOCSharp\09-Generiques\09-Generiques.csproj", "{CB75AC29-8468-4A21-8FA9-3630DE381EC9}"
EndProject
Project("{FAE04EC0-301F-11D3-BF4B-00C04F79EFBC}") = "10-Collections", "5-POOCSharp\10-Collections\10-Collections.csproj", "{5C44290F-60DB-4ABB-90D2-5BFD68140146}"
EndProject
Global
	GlobalSection(SolutionConfigurationPlatforms) = preSolution
		Debug|Any CPU = Debug|Any CPU
		Release|Any CPU = Release|Any CPU
	EndGlobalSection
	GlobalSection(ProjectConfigurationPlatforms) = postSolution
		{2551019A-A775-411E-BBAF-0F623F9EBD81}.Debug|Any CPU.ActiveCfg = Debug|Any CPU
		{2551019A-A775-411E-BBAF-0F623F9EBD81}.Debug|Any CPU.Build.0 = Debug|Any CPU
		{2551019A-A775-411E-BBAF-0F623F9EBD81}.Release|Any CPU.ActiveCfg = Release|Any CPU
		{2551019A-A775-411E-BBAF-0F623F9EBD81}.Release|Any CPU.Build.0 = Release|Any CPU
		{8DEDA575-1717-48DA-8D2D-1F27D1085534}.Debug|Any CPU.ActiveCfg = Debug|Any CPU
		{8DEDA575-1717-48DA-8D2D-1F27D1085534}.Debug|Any CPU.Build.0 = Debug|Any CPU
		{8DEDA575-1717-48DA-8D2D-1F27D1085534}.Release|Any CPU.ActiveCfg = Release|Any CPU
		{8DEDA575-1717-48DA-8D2D-1F27D1085534}.Release|Any CPU.Build.0 = Release|Any CPU
		{95EAA18A-99C9-4CBB-91DC-24D158A866E1}.Debug|Any CPU.ActiveCfg = Debug|Any CPU
		{95EAA18A-99C9-4CBB-91DC-24D158A866E1}.Debug|Any CPU.Build.0 = Debug|Any CPU
		{95EAA18A-99C9-4CBB-91DC-24D158A866E1}.Release|Any CPU.ActiveCfg = Release|Any CPU
		{95EAA18A-99C9-4CBB-91DC-24D158A866E1}.Release|Any CPU.Build.0 = Release|Any CPU
		{1DDBF5A2-29D6-42B3-9BB3-D3821DBE58D8}.Debug|Any CPU.ActiveCfg = Debug|Any CPU
		{1DDBF5A2-29D6-42B3-9BB3-D3821DBE58D8}.Debug|Any CPU.Build.0 = Debug|Any CPU
		{1DDBF5A2-29D6-42B3-9BB3-D3821DBE58D8}.Release|Any CPU.ActiveCfg = Release|Any CPU
		{1DDBF5A2-29D6-42B3-9BB3-D3821DBE58D8}.Release|Any CPU.Build.0 = Release|Any CPU
		{13ACB696-C2B2-4429-91F2-9F5AAA26A321}.Debug|Any CPU.ActiveCfg = Debug|Any CPU
		{13ACB696-C2B2-4429-91F2-9F5AAA26A321}.Debug|Any CPU.Build.0 = Debug|Any CPU
		{13ACB696-C2B2-4429-91F2-9F5AAA26A321}.Release|Any CPU.ActiveCfg = Release|Any CPU
		{13ACB696-C2B2-4429-91F2-9F5AAA26A321}.Release|Any CPU.Build.0 = Release|Any CPU
		{4B981EDD-B2F7-4889-AEA3-59F4E0F34A0E}.Debug|Any CPU.ActiveCfg = Debug|Any CPU
		{4B981EDD-B2F7-4889-AEA3-59F4E0F34A0E}.Debug|Any CPU.Build.0 = Debug|Any CPU
		{4B981EDD-B2F7-4889-AEA3-59F4E0F34A0E}.Release|Any CPU.ActiveCfg = Release|Any CPU
		{4B981EDD-B2F7-4889-AEA3-59F4E0F34A0E}.Release|Any CPU.Build.0 = Release|Any CPU
		{CDB85AE6-D975-4940-B8B9-574AC442211D}.Debug|Any CPU.ActiveCfg = Debug|Any CPU
		{CDB85AE6-D975-4940-B8B9-574AC442211D}.Debug|Any CPU.Build.0 = Debug|Any CPU
		{CDB85AE6-D975-4940-B8B9-574AC442211D}.Release|Any CPU.ActiveCfg = Release|Any CPU
		{CDB85AE6-D975-4940-B8B9-574AC442211D}.Release|Any CPU.Build.0 = Release|Any CPU
		{CB75AC29-8468-4A21-8FA9-3630DE381EC9}.Debug|Any CPU.ActiveCfg = Debug|Any CPU
		{CB75AC29-8468-4A21-8FA9-3630DE381EC9}.Debug|Any CPU.Build.0 = Debug|Any CPU
		{CB75AC29-8468-4A21-8FA9-3630DE381EC9}.Release|Any CPU.ActiveCfg = Release|Any CPU
		{CB75AC29-8468-4A21-8FA9-3630DE381EC9}.Release|Any CPU.Build.0 = Release|Any CPU
		{5C44290F-60DB-4ABB-90D2-5BFD68140146}.Debug|Any CPU.ActiveCfg = Debug|Any CPU
		{5C44290F-60DB-4ABB-90D2-5BFD68140146}.Debug|Any CPU.Build.0 = Debug|Any CPU
		{5C44290F-60DB-4ABB-90D2-5BFD68140146}.Release|Any CPU.ActiveCfg = Release|Any CPU
		{5C44290F-60DB-4ABB-90D2-5BFD68140146}.Release|Any CPU.Build.0 = Release|Any CPU
	EndGlobalSection
	GlobalSection(SolutionProperties) = preSolution
		HideSolutionNode = FALSE
	EndGlobalSection
	GlobalSection(NestedProjects) = preSolution
		{2551019A-A775-411E-BBAF-0F623F9EBD81} = {167731D2-9EF4-4716-A0D3-FC0D85F2AC00}
		{8DEDA575-1717-48DA-8D2D-1F27D1085534} = {167731D2-9EF4-4716-A0D3-FC0D85F2AC00}
		{95EAA18A-99C9-4CBB-91DC-24D158A866E1} = {167731D2-9EF4-4716-A0D3-FC0D85F2AC00}
		{1DDBF5A2-29D6-42B3-9BB3-D3821DBE58D8} = {167731D2-9EF4-4716-A0D3-FC0D85F2AC00}
		{13ACB696-C2B2-4429-91F2-9F5AAA26A321} = {167731D2-9EF4-4716-A0D3-FC0D85F2AC00}
		{4B981EDD-B2F7-4889-AEA3-59F4E0F34A0E} = {167731D2-9EF4-4716-A0D3-FC0D85F2AC00}
		{CDB85AE6-D975-4940-B8B9-574AC442211D} = {167731D2-9EF4-4716-A0D3-FC0D85F2AC00}
		{CB75AC29-8468-4A21-8FA9-3630DE381EC9} = {167731D2-9EF4-4716-A0D3-FC0D85F2AC00}
		{5C44290F-60DB-4ABB-90D2-5BFD68140146} = {167731D2-9EF4-4716-A0D3-FC0D85F2AC00}
	EndGlobalSection
	GlobalSection(ExtensibilityGlobals) = postSolution
		SolutionGuid = {FACA0C66-A1AD-4F1E-87F6-8EF62D1C254F}
	EndGlobalSection
EndGlobal
